
Microsoft Visual Studio Solution File, Format Version 12.00
# Visual Studio Version 16
VisualStudioVersion = 25.0.1706.14
MinimumVisualStudioVersion = 10.0.40219.1
Project("{FAE04EC0-301F-11D3-BF4B-00C04F79EFBC}") = "Exercise-EFCIntro", "Exercise-EFCIntro\Exercise-EFCIntro.csproj", "{A7F32E9A-EF9E-42BF-9255-379B24F2E56F}"
EndProject
Global
	GlobalSection(SolutionConfigurationPlatforms) = preSolution
		Debug|Any CPU = Debug|Any CPU
		Release|Any CPU = Release|Any CPU
	EndGlobalSection
	GlobalSection(ProjectConfigurationPlatforms) = postSolution
		{A7F32E9A-EF9E-42BF-9255-379B24F2E56F}.Debug|Any CPU.ActiveCfg = Debug|Any CPU
		{A7F32E9A-EF9E-42BF-9255-379B24F2E56F}.Debug|Any CPU.Build.0 = Debug|Any CPU
		{A7F32E9A-EF9E-42BF-9255-379B24F2E56F}.Release|Any CPU.ActiveCfg = Release|Any CPU
		{A7F32E9A-EF9E-42BF-9255-379B24F2E56F}.Release|Any CPU.Build.0 = Release|Any CPU
	EndGlobalSection
	GlobalSection(SolutionProperties) = preSolution
		HideSolutionNode = FALSE
	EndGlobalSection
	GlobalSection(ExtensibilityGlobals) = postSolution
		SolutionGuid = {B3D12E9E-7CDF-4A48-8CCC-B258EDBB4C78}
	EndGlobalSection
EndGlobal
