
Microsoft Visual Studio Solution File, Format Version 12.00
# Visual Studio Version 16
VisualStudioVersion = 25.0.1706.14
MinimumVisualStudioVersion = 10.0.40219.1
Project("{FAE04EC0-301F-11D3-BF4B-00C04F79EFBC}") = "P01_StudentSystem", "P01_StudentSystem\P01_StudentSystem.csproj", "{ADE5DD21-AA13-4534-ABE3-8D0F59AF4C74}"
EndProject
Global
	GlobalSection(SolutionConfigurationPlatforms) = preSolution
		Debug|Any CPU = Debug|Any CPU
		Release|Any CPU = Release|Any CPU
	EndGlobalSection
	GlobalSection(ProjectConfigurationPlatforms) = postSolution
		{ADE5DD21-AA13-4534-ABE3-8D0F59AF4C74}.Debug|Any CPU.ActiveCfg = Debug|Any CPU
		{ADE5DD21-AA13-4534-ABE3-8D0F59AF4C74}.Debug|Any CPU.Build.0 = Debug|Any CPU
		{ADE5DD21-AA13-4534-ABE3-8D0F59AF4C74}.Release|Any CPU.ActiveCfg = Release|Any CPU
		{ADE5DD21-AA13-4534-ABE3-8D0F59AF4C74}.Release|Any CPU.Build.0 = Release|Any CPU
	EndGlobalSection
	GlobalSection(SolutionProperties) = preSolution
		HideSolutionNode = FALSE
	EndGlobalSection
	GlobalSection(ExtensibilityGlobals) = postSolution
		SolutionGuid = {5A732387-5750-4ECA-A166-D6AD5C664FF6}
	EndGlobalSection
EndGlobal
